
Microsoft Visual Studio Solution File, Format Version 12.00
# TcXaeShell Solution File, Format Version 11.00
VisualStudioVersion = 17.7.34302.85
MinimumVisualStudioVersion = 10.0.40219.1
Project("{B1E792BE-AA5F-4E3C-8C82-674BF9C0715B}") = "EventLogger", "EventLogger.tsproj", "{774EB923-0134-4FF5-8B64-15630F489356}"
EndProject
Global
	GlobalSection(SolutionConfigurationPlatforms) = preSolution
		Debug|TwinCAT OS (ARMV7-A) = Debug|TwinCAT OS (ARMV7-A)
		Debug|TwinCAT OS (ARMV7-M) = Debug|TwinCAT OS (ARMV7-M)
		Debug|TwinCAT OS (ARMV8-A) = Debug|TwinCAT OS (ARMV8-A)
		Debug|TwinCAT OS (x64) = Debug|TwinCAT OS (x64)
		Debug|TwinCAT RT (x64) = Debug|TwinCAT RT (x64)
		Debug|TwinCAT RT (x86) = Debug|TwinCAT RT (x86)
		Release|TwinCAT OS (ARMV7-A) = Release|TwinCAT OS (ARMV7-A)
		Release|TwinCAT OS (ARMV7-M) = Release|TwinCAT OS (ARMV7-M)
		Release|TwinCAT OS (ARMV8-A) = Release|TwinCAT OS (ARMV8-A)
		Release|TwinCAT OS (x64) = Release|TwinCAT OS (x64)
		Release|TwinCAT RT (x64) = Release|TwinCAT RT (x64)
		Release|TwinCAT RT (x86) = Release|TwinCAT RT (x86)
	EndGlobalSection
	GlobalSection(ProjectConfigurationPlatforms) = postSolution
		{774EB923-0134-4FF5-8B64-15630F489356}.Debug|TwinCAT OS (ARMV7-A).ActiveCfg = Debug|TwinCAT OS (ARMV7-A)
		{774EB923-0134-4FF5-8B64-15630F489356}.Debug|TwinCAT OS (ARMV7-A).Build.0 = Debug|TwinCAT OS (ARMV7-A)
		{774EB923-0134-4FF5-8B64-15630F489356}.Debug|TwinCAT OS (ARMV7-M).ActiveCfg = Debug|TwinCAT OS (ARMV7-M)
		{774EB923-0134-4FF5-8B64-15630F489356}.Debug|TwinCAT OS (ARMV7-M).Build.0 = Debug|TwinCAT OS (ARMV7-M)
		{774EB923-0134-4FF5-8B64-15630F489356}.Debug|TwinCAT OS (ARMV8-A).ActiveCfg = Debug|TwinCAT OS (ARMV8-A)
		{774EB923-0134-4FF5-8B64-15630F489356}.Debug|TwinCAT OS (ARMV8-A).Build.0 = Debug|TwinCAT OS (ARMV8-A)
		{774EB923-0134-4FF5-8B64-15630F489356}.Debug|TwinCAT OS (x64).ActiveCfg = Debug|TwinCAT OS (x64)
		{774EB923-0134-4FF5-8B64-15630F489356}.Debug|TwinCAT OS (x64).Build.0 = Debug|TwinCAT OS (x64)
		{774EB923-0134-4FF5-8B64-15630F489356}.Debug|TwinCAT RT (x64).ActiveCfg = Debug|TwinCAT RT (x64)
		{774EB923-0134-4FF5-8B64-15630F489356}.Debug|TwinCAT RT (x64).Build.0 = Debug|TwinCAT RT (x64)
		{774EB923-0134-4FF5-8B64-15630F489356}.Debug|TwinCAT RT (x86).ActiveCfg = Debug|TwinCAT RT (x86)
		{774EB923-0134-4FF5-8B64-15630F489356}.Debug|TwinCAT RT (x86).Build.0 = Debug|TwinCAT RT (x86)
		{774EB923-0134-4FF5-8B64-15630F489356}.Release|TwinCAT OS (ARMV7-A).ActiveCfg = Release|TwinCAT OS (ARMV7-A)
		{774EB923-0134-4FF5-8B64-15630F489356}.Release|TwinCAT OS (ARMV7-A).Build.0 = Release|TwinCAT OS (ARMV7-A)
		{774EB923-0134-4FF5-8B64-15630F489356}.Release|TwinCAT OS (ARMV7-M).ActiveCfg = Release|TwinCAT OS (ARMV7-M)
		{774EB923-0134-4FF5-8B64-15630F489356}.Release|TwinCAT OS (ARMV7-M).Build.0 = Release|TwinCAT OS (ARMV7-M)
		{774EB923-0134-4FF5-8B64-15630F489356}.Release|TwinCAT OS (ARMV8-A).ActiveCfg = Release|TwinCAT OS (ARMV8-A)
		{774EB923-0134-4FF5-8B64-15630F489356}.Release|TwinCAT OS (ARMV8-A).Build.0 = Release|TwinCAT OS (ARMV8-A)
		{774EB923-0134-4FF5-8B64-15630F489356}.Release|TwinCAT OS (x64).ActiveCfg = Release|TwinCAT OS (x64)
		{774EB923-0134-4FF5-8B64-15630F489356}.Release|TwinCAT OS (x64).Build.0 = Release|TwinCAT OS (x64)
		{774EB923-0134-4FF5-8B64-15630F489356}.Release|TwinCAT RT (x64).ActiveCfg = Release|TwinCAT RT (x64)
		{774EB923-0134-4FF5-8B64-15630F489356}.Release|TwinCAT RT (x64).Build.0 = Release|TwinCAT RT (x64)
		{774EB923-0134-4FF5-8B64-15630F489356}.Release|TwinCAT RT (x86).ActiveCfg = Release|TwinCAT RT (x86)
		{774EB923-0134-4FF5-8B64-15630F489356}.Release|TwinCAT RT (x86).Build.0 = Release|TwinCAT RT (x86)
		{ECC7B56F-8E24-4ABE-8293-16A80366D5F5}.Debug|TwinCAT OS (ARMV7-A).ActiveCfg = Debug|TwinCAT OS (ARMV7-A)
		{ECC7B56F-8E24-4ABE-8293-16A80366D5F5}.Debug|TwinCAT OS (ARMV7-A).Build.0 = Debug|TwinCAT OS (ARMV7-A)
		{ECC7B56F-8E24-4ABE-8293-16A80366D5F5}.Debug|TwinCAT OS (ARMV7-M).ActiveCfg = Debug|TwinCAT OS (ARMV7-M)
		{ECC7B56F-8E24-4ABE-8293-16A80366D5F5}.Debug|TwinCAT OS (ARMV7-M).Build.0 = Debug|TwinCAT OS (ARMV7-M)
		{ECC7B56F-8E24-4ABE-8293-16A80366D5F5}.Debug|TwinCAT OS (ARMV8-A).ActiveCfg = Debug|TwinCAT OS (ARMV8-A)
		{ECC7B56F-8E24-4ABE-8293-16A80366D5F5}.Debug|TwinCAT OS (ARMV8-A).Build.0 = Debug|TwinCAT OS (ARMV8-A)
		{ECC7B56F-8E24-4ABE-8293-16A80366D5F5}.Debug|TwinCAT OS (x64).ActiveCfg = Debug|TwinCAT OS (x64)
		{ECC7B56F-8E24-4ABE-8293-16A80366D5F5}.Debug|TwinCAT OS (x64).Build.0 = Debug|TwinCAT OS (x64)
		{ECC7B56F-8E24-4ABE-8293-16A80366D5F5}.Debug|TwinCAT RT (x64).ActiveCfg = Debug|TwinCAT RT (x64)
		{ECC7B56F-8E24-4ABE-8293-16A80366D5F5}.Debug|TwinCAT RT (x64).Build.0 = Debug|TwinCAT RT (x64)
		{ECC7B56F-8E24-4ABE-8293-16A80366D5F5}.Debug|TwinCAT RT (x86).ActiveCfg = Debug|TwinCAT RT (x86)
		{ECC7B56F-8E24-4ABE-8293-16A80366D5F5}.Debug|TwinCAT RT (x86).Build.0 = Debug|TwinCAT RT (x86)
		{ECC7B56F-8E24-4ABE-8293-16A80366D5F5}.Release|TwinCAT OS (ARMV7-A).ActiveCfg = Release|TwinCAT OS (ARMV7-A)
		{ECC7B56F-8E24-4ABE-8293-16A80366D5F5}.Release|TwinCAT OS (ARMV7-A).Build.0 = Release|TwinCAT OS (ARMV7-A)
		{ECC7B56F-8E24-4ABE-8293-16A80366D5F5}.Release|TwinCAT OS (ARMV7-M).ActiveCfg = Release|TwinCAT OS (ARMV7-M)
		{ECC7B56F-8E24-4ABE-8293-16A80366D5F5}.Release|TwinCAT OS (ARMV7-M).Build.0 = Release|TwinCAT OS (ARMV7-M)
		{ECC7B56F-8E24-4ABE-8293-16A80366D5F5}.Release|TwinCAT OS (ARMV8-A).ActiveCfg = Release|TwinCAT OS (ARMV8-A)
		{ECC7B56F-8E24-4ABE-8293-16A80366D5F5}.Release|TwinCAT OS (ARMV8-A).Build.0 = Release|TwinCAT OS (ARMV8-A)
		{ECC7B56F-8E24-4ABE-8293-16A80366D5F5}.Release|TwinCAT OS (x64).ActiveCfg = Release|TwinCAT OS (x64)
		{ECC7B56F-8E24-4ABE-8293-16A80366D5F5}.Release|TwinCAT OS (x64).Build.0 = Release|TwinCAT OS (x64)
		{ECC7B56F-8E24-4ABE-8293-16A80366D5F5}.Release|TwinCAT RT (x64).ActiveCfg = Release|TwinCAT RT (x64)
		{ECC7B56F-8E24-4ABE-8293-16A80366D5F5}.Release|TwinCAT RT (x64).Build.0 = Release|TwinCAT RT (x64)
		{ECC7B56F-8E24-4ABE-8293-16A80366D5F5}.Release|TwinCAT RT (x86).ActiveCfg = Release|TwinCAT RT (x86)
		{ECC7B56F-8E24-4ABE-8293-16A80366D5F5}.Release|TwinCAT RT (x86).Build.0 = Release|TwinCAT RT (x86)
	EndGlobalSection
	GlobalSection(SolutionProperties) = preSolution
		HideSolutionNode = FALSE
	EndGlobalSection
	GlobalSection(ExtensibilityGlobals) = postSolution
		SolutionGuid = {26B0F83E-66A9-4743-B3F6-FC89E806B4D5}
	EndGlobalSection
EndGlobal
